
Microsoft Visual Studio Solution File, Format Version 12.00
# Visual Studio 14
VisualStudioVersion = 14.0.24720.0
MinimumVisualStudioVersion = 10.0.40219.1
Project("{FAE04EC0-301F-11D3-BF4B-00C04F79EFBC}") = "MEFModularDesign", "MEFModularDesign\MEFModularDesign.csproj", "{D00DB665-8170-4CC2-8BB1-AE9C648BE720}"
EndProject
Project("{FAE04EC0-301F-11D3-BF4B-00C04F79EFBC}") = "LoadDLL", "LoadDLL\LoadDLL.csproj", "{A1E87E00-658F-446E-AFC8-402C526A0DD6}"
EndProject
Project("{FAE04EC0-301F-11D3-BF4B-00C04F79EFBC}") = "SortDLL", "SortDLL\SortDLL.csproj", "{533A368E-9724-4FCC-BF24-4F4C99EF4E6A}"
EndProject
Global
	GlobalSection(SolutionConfigurationPlatforms) = preSolution
		Debug|Any CPU = Debug|Any CPU
		Release|Any CPU = Release|Any CPU
	EndGlobalSection
	GlobalSection(ProjectConfigurationPlatforms) = postSolution
		{D00DB665-8170-4CC2-8BB1-AE9C648BE720}.Debug|Any CPU.ActiveCfg = Debug|Any CPU
		{D00DB665-8170-4CC2-8BB1-AE9C648BE720}.Debug|Any CPU.Build.0 = Debug|Any CPU
		{D00DB665-8170-4CC2-8BB1-AE9C648BE720}.Release|Any CPU.ActiveCfg = Release|Any CPU
		{D00DB665-8170-4CC2-8BB1-AE9C648BE720}.Release|Any CPU.Build.0 = Release|Any CPU
		{A1E87E00-658F-446E-AFC8-402C526A0DD6}.Debug|Any CPU.ActiveCfg = Debug|Any CPU
		{A1E87E00-658F-446E-AFC8-402C526A0DD6}.Debug|Any CPU.Build.0 = Debug|Any CPU
		{A1E87E00-658F-446E-AFC8-402C526A0DD6}.Release|Any CPU.ActiveCfg = Release|Any CPU
		{A1E87E00-658F-446E-AFC8-402C526A0DD6}.Release|Any CPU.Build.0 = Release|Any CPU
		{533A368E-9724-4FCC-BF24-4F4C99EF4E6A}.Debug|Any CPU.ActiveCfg = Debug|Any CPU
		{533A368E-9724-4FCC-BF24-4F4C99EF4E6A}.Debug|Any CPU.Build.0 = Debug|Any CPU
		{533A368E-9724-4FCC-BF24-4F4C99EF4E6A}.Release|Any CPU.ActiveCfg = Release|Any CPU
		{533A368E-9724-4FCC-BF24-4F4C99EF4E6A}.Release|Any CPU.Build.0 = Release|Any CPU
	EndGlobalSection
	GlobalSection(SolutionProperties) = preSolution
		HideSolutionNode = FALSE
	EndGlobalSection
EndGlobal
